
Microsoft Visual Studio Solution File, Format Version 12.00
# Visual Studio Version 16
VisualStudioVersion = 16.0.35425.106
MinimumVisualStudioVersion = 10.0.40219.1
Project("{F184B08F-C81C-45F6-A57F-5ABD9991F28F}") = "FormTest", "FormTest\FormTest.vbproj", "{B1502428-DB5C-49C8-A193-759D5C5C2613}"
EndProject
Global
	GlobalSection(SolutionConfigurationPlatforms) = preSolution
		Debug|Any CPU = Debug|Any CPU
		Release|Any CPU = Release|Any CPU
	EndGlobalSection
	GlobalSection(ProjectConfigurationPlatforms) = postSolution
		{B1502428-DB5C-49C8-A193-759D5C5C2613}.Debug|Any CPU.ActiveCfg = Debug|Any CPU
		{B1502428-DB5C-49C8-A193-759D5C5C2613}.Debug|Any CPU.Build.0 = Debug|Any CPU
		{B1502428-DB5C-49C8-A193-759D5C5C2613}.Release|Any CPU.ActiveCfg = Release|Any CPU
		{B1502428-DB5C-49C8-A193-759D5C5C2613}.Release|Any CPU.Build.0 = Release|Any CPU
	EndGlobalSection
	GlobalSection(SolutionProperties) = preSolution
		HideSolutionNode = FALSE
	EndGlobalSection
	GlobalSection(ExtensibilityGlobals) = postSolution
		SolutionGuid = {6AE550A8-B8F3-4378-B7E3-346CA5402B1B}
	EndGlobalSection
EndGlobal
